
Microsoft Visual Studio Solution File, Format Version 11.00
# Visual Studio 2010
Project("{FAE04EC0-301F-11D3-BF4B-00C04F79EFBC}") = "Assembly-CSharp-firstpass", "Assembly-CSharp-firstpass.csproj", "{50D3CF60-34B2-6378-8738-65D1CE997175}"
EndProject
Project("{FAE04EC0-301F-11D3-BF4B-00C04F79EFBC}") = "Assembly-CSharp", "Assembly-CSharp.csproj", "{562113FE-57AB-BF56-F2F9-927ED0E040C3}"
EndProject
Project("{FAE04EC0-301F-11D3-BF4B-00C04F79EFBC}") = "Assembly-CSharp-Editor-firstpass", "Assembly-CSharp-Editor-firstpass.csproj", "{BB159745-2973-F34D-7963-22881A65BA24}"
EndProject
Global
	GlobalSection(SolutionConfigurationPlatforms) = preSolution
		Debug|Any CPU = Debug|Any CPU
		Release|Any CPU = Release|Any CPU
	EndGlobalSection
	GlobalSection(ProjectConfigurationPlatforms) = postSolution
		{50D3CF60-34B2-6378-8738-65D1CE997175}.Debug|Any CPU.ActiveCfg = Debug|Any CPU
		{50D3CF60-34B2-6378-8738-65D1CE997175}.Debug|Any CPU.Build.0 = Debug|Any CPU
		{50D3CF60-34B2-6378-8738-65D1CE997175}.Release|Any CPU.ActiveCfg = Release|Any CPU
		{50D3CF60-34B2-6378-8738-65D1CE997175}.Release|Any CPU.Build.0 = Release|Any CPU
		{562113FE-57AB-BF56-F2F9-927ED0E040C3}.Debug|Any CPU.ActiveCfg = Debug|Any CPU
		{562113FE-57AB-BF56-F2F9-927ED0E040C3}.Debug|Any CPU.Build.0 = Debug|Any CPU
		{562113FE-57AB-BF56-F2F9-927ED0E040C3}.Release|Any CPU.ActiveCfg = Release|Any CPU
		{562113FE-57AB-BF56-F2F9-927ED0E040C3}.Release|Any CPU.Build.0 = Release|Any CPU
		{BB159745-2973-F34D-7963-22881A65BA24}.Debug|Any CPU.ActiveCfg = Debug|Any CPU
		{BB159745-2973-F34D-7963-22881A65BA24}.Debug|Any CPU.Build.0 = Debug|Any CPU
		{BB159745-2973-F34D-7963-22881A65BA24}.Release|Any CPU.ActiveCfg = Release|Any CPU
		{BB159745-2973-F34D-7963-22881A65BA24}.Release|Any CPU.Build.0 = Release|Any CPU
	EndGlobalSection
	GlobalSection(SolutionProperties) = preSolution
		HideSolutionNode = FALSE
	EndGlobalSection
EndGlobal
